// !$*UTF8*$!
{
	archiveVersion = 1;
	classes = {
	};
	objectVersion = 50;
	objects = {

/* Begin PBXBuildFile section */
		26D9E17F27131A46002FB02D /* TryAutomationApp.swift in Sources */ = {isa = PBXBuildFile; fileRef = 26D9E17E27131A46002FB02D /* TryAutomationApp.swift */; };
		26D9E18127131A46002FB02D /* ContentView.swift in Sources */ = {isa = PBXBuildFile; fileRef = 26D9E18027131A46002FB02D /* ContentView.swift */; };
		26D9E18327131A47002FB02D /* Assets.xcassets in Resources */ = {isa = PBXBuildFile; fileRef = 26D9E18227131A47002FB02D /* Assets.xcassets */; };
		26D9E18627131A47002FB02D /* Preview Assets.xcassets in Resources */ = {isa = PBXBuildFile; fileRef = 26D9E18527131A47002FB02D /* Preview Assets.xcassets */; };
		26D9E19127131A47002FB02D /* TryAutomationTests.swift in Sources */ = {isa = PBXBuildFile; fileRef = 26D9E19027131A47002FB02D /* TryAutomationTests.swift */; };
		26D9E19C27131A47002FB02D /* TryAutomationUITests.swift in Sources */ = {isa = PBXBuildFile; fileRef = 26D9E19B27131A47002FB02D /* TryAutomationUITests.swift */; };
/* End PBXBuildFile section */

/* Begin PBXContainerItemProxy section */
		26D9E18D27131A47002FB02D /* PBXContainerItemProxy */ = {
			isa = PBXContainerItemProxy;
			containerPortal = 26D9E17327131A45002FB02D /* Project object */;
			proxyType = 1;
			remoteGlobalIDString = 26D9E17A27131A46002FB02D;
			remoteInfo = TryAutomation;
		};
		26D9E19827131A47002FB02D /* PBXContainerItemProxy */ = {
			isa = PBXContainerItemProxy;
			containerPortal = 26D9E17327131A45002FB02D /* Project object */;
			proxyType = 1;
			remoteGlobalIDString = 26D9E17A27131A46002FB02D;
			remoteInfo = TryAutomation;
		};
/* End PBXContainerItemProxy section */

/* Begin PBXFileReference section */
		26D9E17B27131A46002FB02D /* TryAutomation.app */ = {isa = PBXFileReference; explicitFileType = wrapper.application; includeInIndex = 0; path = TryAutomation.app; sourceTree = BUILT_PRODUCTS_DIR; };
		26D9E17E27131A46002FB02D /* TryAutomationApp.swift */ = {isa = PBXFileReference; lastKnownFileType = sourcecode.swift; path = TryAutomationApp.swift; sourceTree = "<group>"; };
		26D9E18027131A46002FB02D /* ContentView.swift */ = {isa = PBXFileReference; lastKnownFileType = sourcecode.swift; path = ContentView.swift; sourceTree = "<group>"; };
		26D9E18227131A47002FB02D /* Assets.xcassets */ = {isa = PBXFileReference; lastKnownFileType = folder.assetcatalog; path = Assets.xcassets; sourceTree = "<group>"; };
		26D9E18527131A47002FB02D /* Preview Assets.xcassets */ = {isa = PBXFileReference; lastKnownFileType = folder.assetcatalog; path = "Preview Assets.xcassets"; sourceTree = "<group>"; };
		26D9E18727131A47002FB02D /* Info.plist */ = {isa = PBXFileReference; lastKnownFileType = text.plist.xml; path = Info.plist; sourceTree = "<group>"; };
		26D9E18C27131A47002FB02D /* TryAutomationTests.xctest */ = {isa = PBXFileReference; explicitFileType = wrapper.cfbundle; includeInIndex = 0; path = TryAutomationTests.xctest; sourceTree = BUILT_PRODUCTS_DIR; };
		26D9E19027131A47002FB02D /* TryAutomationTests.swift */ = {isa = PBXFileReference; lastKnownFileType = sourcecode.swift; path = TryAutomationTests.swift; sourceTree = "<group>"; };
		26D9E19227131A47002FB02D /* Info.plist */ = {isa = PBXFileReference; lastKnownFileType = text.plist.xml; path = Info.plist; sourceTree = "<group>"; };
		26D9E19727131A47002FB02D /* TryAutomationUITests.xctest */ = {isa = PBXFileReference; explicitFileType = wrapper.cfbundle; includeInIndex = 0; path = TryAutomationUITests.xctest; sourceTree = BUILT_PRODUCTS_DIR; };
		26D9E19B27131A47002FB02D /* TryAutomationUITests.swift */ = {isa = PBXFileReference; lastKnownFileType = sourcecode.swift; path = TryAutomationUITests.swift; sourceTree = "<group>"; };
		26D9E19D27131A47002FB02D /* Info.plist */ = {isa = PBXFileReference; lastKnownFileType = text.plist.xml; path = Info.plist; sourceTree = "<group>"; };
/* End PBXFileReference section */

/* Begin PBXFrameworksBuildPhase section */
		26D9E17827131A46002FB02D /* Frameworks */ = {
			isa = PBXFrameworksBuildPhase;
			buildActionMask = 2147483647;
			files = (
			);
			runOnlyForDeploymentPostprocessing = 0;
		};
		26D9E18927131A47002FB02D /* Frameworks */ = {
			isa = PBXFrameworksBuildPhase;
			buildActionMask = 2147483647;
			files = (
			);
			runOnlyForDeploymentPostprocessing = 0;
		};
		26D9E19427131A47002FB02D /* Frameworks */ = {
			isa = PBXFrameworksBuildPhase;
			buildActionMask = 2147483647;
			files = (
			);
			runOnlyForDeploymentPostprocessing = 0;
		};
/* End PBXFrameworksBuildPhase section */

/* Begin PBXGroup section */
		26D9E17227131A45002FB02D = {
			isa = PBXGroup;
			children = (
				26D9E17D27131A46002FB02D /* TryAutomation */,
				26D9E18F27131A47002FB02D /* TryAutomationTests */,
				26D9E19A27131A47002FB02D /* TryAutomationUITests */,
				26D9E17C27131A46002FB02D /* Products */,
			);
			sourceTree = "<group>";
		};
		26D9E17C27131A46002FB02D /* Products */ = {
			isa = PBXGroup;
			children = (
				26D9E17B27131A46002FB02D /* TryAutomation.app */,
				26D9E18C27131A47002FB02D /* TryAutomationTests.xctest */,
				26D9E19727131A47002FB02D /* TryAutomationUITests.xctest */,
			);
			name = Products;
			sourceTree = "<group>";
		};
		26D9E17D27131A46002FB02D /* TryAutomation */ = {
			isa = PBXGroup;
			children = (
				26D9E17E27131A46002FB02D /* TryAutomationApp.swift */,
				26D9E18027131A46002FB02D /* ContentView.swift */,
				26D9E18227131A47002FB02D /* Assets.xcassets */,
				26D9E18727131A47002FB02D /* Info.plist */,
				26D9E18427131A47002FB02D /* Preview Content */,
			);
			path = TryAutomation;
			sourceTree = "<group>";
		};
		26D9E18427131A47002FB02D /* Preview Content */ = {
			isa = PBXGroup;
			children = (
				26D9E18527131A47002FB02D /* Preview Assets.xcassets */,
			);
			path = "Preview Content";
			sourceTree = "<group>";
		};
		26D9E18F27131A47002FB02D /* TryAutomationTests */ = {
			isa = PBXGroup;
			children = (
				26D9E19027131A47002FB02D /* TryAutomationTests.swift */,
				26D9E19227131A47002FB02D /* Info.plist */,
			);
			path = TryAutomationTests;
			sourceTree = "<group>";
		};
		26D9E19A27131A47002FB02D /* TryAutomationUITests */ = {
			isa = PBXGroup;
			children = (
				26D9E19B27131A47002FB02D /* TryAutomationUITests.swift */,
				26D9E19D27131A47002FB02D /* Info.plist */,
			);
			path = TryAutomationUITests;
			sourceTree = "<group>";
		};
/* End PBXGroup section */

/* Begin PBXNativeTarget section */
		26D9E17A27131A46002FB02D /* TryAutomation */ = {
			isa = PBXNativeTarget;
			buildConfigurationList = 26D9E1A027131A47002FB02D /* Build configuration list for PBXNativeTarget "TryAutomation" */;
			buildPhases = (
				26D9E17727131A46002FB02D /* Sources */,
				26D9E17827131A46002FB02D /* Frameworks */,
				26D9E17927131A46002FB02D /* Resources */,
			);
			buildRules = (
			);
			dependencies = (
			);
			name = TryAutomation;
			productName = TryAutomation;
			productReference = 26D9E17B27131A46002FB02D /* TryAutomation.app */;
			productType = "com.apple.product-type.application";
		};
		26D9E18B27131A47002FB02D /* TryAutomationTests */ = {
			isa = PBXNativeTarget;
			buildConfigurationList = 26D9E1A327131A47002FB02D /* Build configuration list for PBXNativeTarget "TryAutomationTests" */;
			buildPhases = (
				26D9E18827131A47002FB02D /* Sources */,
				26D9E18927131A47002FB02D /* Frameworks */,
				26D9E18A27131A47002FB02D /* Resources */,
			);
			buildRules = (
			);
			dependencies = (
				26D9E18E27131A47002FB02D /* PBXTargetDependency */,
			);
			name = TryAutomationTests;
			productName = TryAutomationTests;
			productReference = 26D9E18C27131A47002FB02D /* TryAutomationTests.xctest */;
			productType = "com.apple.product-type.bundle.unit-test";
		};
		26D9E19627131A47002FB02D /* TryAutomationUITests */ = {
			isa = PBXNativeTarget;
			buildConfigurationList = 26D9E1A627131A47002FB02D /* Build configuration list for PBXNativeTarget "TryAutomationUITests" */;
			buildPhases = (
				26D9E19327131A47002FB02D /* Sources */,
				26D9E19427131A47002FB02D /* Frameworks */,
				26D9E19527131A47002FB02D /* Resources */,
			);
			buildRules = (
			);
			dependencies = (
				26D9E19927131A47002FB02D /* PBXTargetDependency */,
			);
			name = TryAutomationUITests;
			productName = TryAutomationUITests;
			productReference = 26D9E19727131A47002FB02D /* TryAutomationUITests.xctest */;
			productType = "com.apple.product-type.bundle.ui-testing";
		};
/* End PBXNativeTarget section */

/* Begin PBXProject section */
		26D9E17327131A45002FB02D /* Project object */ = {
			isa = PBXProject;
			attributes = {
				LastSwiftUpdateCheck = 1250;
				LastUpgradeCheck = 1250;
				TargetAttributes = {
					26D9E17A27131A46002FB02D = {
						CreatedOnToolsVersion = 12.5.1;
					};
					26D9E18B27131A47002FB02D = {
						CreatedOnToolsVersion = 12.5.1;
						TestTargetID = 26D9E17A27131A46002FB02D;
					};
					26D9E19627131A47002FB02D = {
						CreatedOnToolsVersion = 12.5.1;
						TestTargetID = 26D9E17A27131A46002FB02D;
					};
				};
			};
			buildConfigurationList = 26D9E17627131A45002FB02D /* Build configuration list for PBXProject "TryAutomation" */;
			compatibilityVersion = "Xcode 9.3";
			developmentRegion = en;
			hasScannedForEncodings = 0;
			knownRegions = (
				en,
				Base,
			);
			mainGroup = 26D9E17227131A45002FB02D;
			productRefGroup = 26D9E17C27131A46002FB02D /* Products */;
			projectDirPath = "";
			projectRoot = "";
			targets = (
				26D9E17A27131A46002FB02D /* TryAutomation */,
				26D9E18B27131A47002FB02D /* TryAutomationTests */,
				26D9E19627131A47002FB02D /* TryAutomationUITests */,
			);
		};
/* End PBXProject section */

/* Begin PBXResourcesBuildPhase section */
		26D9E17927131A46002FB02D /* Resources */ = {
			isa = PBXResourcesBuildPhase;
			buildActionMask = 2147483647;
			files = (
				26D9E18627131A47002FB02D /* Preview Assets.xcassets in Resources */,
				26D9E18327131A47002FB02D /* Assets.xcassets in Resources */,
			);
			runOnlyForDeploymentPostprocessing = 0;
		};
		26D9E18A27131A47002FB02D /* Resources */ = {
			isa = PBXResourcesBuildPhase;
			buildActionMask = 2147483647;
			files = (
			);
			runOnlyForDeploymentPostprocessing = 0;
		};
		26D9E19527131A47002FB02D /* Resources */ = {
			isa = PBXResourcesBuildPhase;
			buildActionMask = 2147483647;
			files = (
			);
			runOnlyForDeploymentPostprocessing = 0;
		};
/* End PBXResourcesBuildPhase section */

/* Begin PBXSourcesBuildPhase section */
		26D9E17727131A46002FB02D /* Sources */ = {
			isa = PBXSourcesBuildPhase;
			buildActionMask = 2147483647;
			files = (
				26D9E18127131A46002FB02D /* ContentView.swift in Sources */,
				26D9E17F27131A46002FB02D /* TryAutomationApp.swift in Sources */,
			);
			runOnlyForDeploymentPostprocessing = 0;
		};
		26D9E18827131A47002FB02D /* Sources */ = {
			isa = PBXSourcesBuildPhase;
			buildActionMask = 2147483647;
			files = (
				26D9E19127131A47002FB02D /* TryAutomationTests.swift in Sources */,
			);
			runOnlyForDeploymentPostprocessing = 0;
		};
		26D9E19327131A47002FB02D /* Sources */ = {
			isa = PBXSourcesBuildPhase;
			buildActionMask = 2147483647;
			files = (
				26D9E19C27131A47002FB02D /* TryAutomationUITests.swift in Sources */,
			);
			runOnlyForDeploymentPostprocessing = 0;
		};
/* End PBXSourcesBuildPhase section */

/* Begin PBXTargetDependency section */
		26D9E18E27131A47002FB02D /* PBXTargetDependency */ = {
			isa = PBXTargetDependency;
			target = 26D9E17A27131A46002FB02D /* TryAutomation */;
			targetProxy = 26D9E18D27131A47002FB02D /* PBXContainerItemProxy */;
		};
		26D9E19927131A47002FB02D /* PBXTargetDependency */ = {
			isa = PBXTargetDependency;
			target = 26D9E17A27131A46002FB02D /* TryAutomation */;
			targetProxy = 26D9E19827131A47002FB02D /* PBXContainerItemProxy */;
		};
/* End PBXTargetDependency section */

/* Begin XCBuildConfiguration section */
		26D9E19E27131A47002FB02D /* Debug */ = {
			isa = XCBuildConfiguration;
			buildSettings = {
				ALWAYS_SEARCH_USER_PATHS = NO;
				CLANG_ANALYZER_NONNULL = YES;
				CLANG_ANALYZER_NUMBER_OBJECT_CONVERSION = YES_AGGRESSIVE;
				CLANG_CXX_LANGUAGE_STANDARD = "gnu++14";
				CLANG_CXX_LIBRARY = "libc++";
				CLANG_ENABLE_MODULES = YES;
				CLANG_ENABLE_OBJC_ARC = YES;
				CLANG_ENABLE_OBJC_WEAK = YES;
				CLANG_WARN_BLOCK_CAPTURE_AUTORELEASING = YES;
				CLANG_WARN_BOOL_CONVERSION = YES;
				CLANG_WARN_COMMA = YES;
				CLANG_WARN_CONSTANT_CONVERSION = YES;
				CLANG_WARN_DEPRECATED_OBJC_IMPLEMENTATIONS = YES;
				CLANG_WARN_DIRECT_OBJC_ISA_USAGE = YES_ERROR;
				CLANG_WARN_DOCUMENTATION_COMMENTS = YES;
				CLANG_WARN_EMPTY_BODY = YES;
				CLANG_WARN_ENUM_CONVERSION = YES;
				CLANG_WARN_INFINITE_RECURSION = YES;
				CLANG_WARN_INT_CONVERSION = YES;
				CLANG_WARN_NON_LITERAL_NULL_CONVERSION = YES;
				CLANG_WARN_OBJC_IMPLICIT_RETAIN_SELF = YES;
				CLANG_WARN_OBJC_LITERAL_CONVERSION = YES;
				CLANG_WARN_OBJC_ROOT_CLASS = YES_ERROR;
				CLANG_WARN_QUOTED_INCLUDE_IN_FRAMEWORK_HEADER = YES;
				CLANG_WARN_RANGE_LOOP_ANALYSIS = YES;
				CLANG_WARN_STRICT_PROTOTYPES = YES;
				CLANG_WARN_SUSPICIOUS_MOVE = YES;
				CLANG_WARN_UNGUARDED_AVAILABILITY = YES_AGGRESSIVE;
				CLANG_WARN_UNREACHABLE_CODE = YES;
				CLANG_WARN__DUPLICATE_METHOD_MATCH = YES;
				COPY_PHASE_STRIP = NO;
				DEBUG_INFORMATION_FORMAT = dwarf;
				ENABLE_STRICT_OBJC_MSGSEND = YES;
				ENABLE_TESTABILITY = YES;
				GCC_C_LANGUAGE_STANDARD = gnu11;
				GCC_DYNAMIC_NO_PIC = NO;
				GCC_NO_COMMON_BLOCKS = YES;
				GCC_OPTIMIZATION_LEVEL = 0;
				GCC_PREPROCESSOR_DEFINITIONS = (
					"DEBUG=1",
					"$(inherited)",
				);
				GCC_WARN_64_TO_32_BIT_CONVERSION = YES;
				GCC_WARN_ABOUT_RETURN_TYPE = YES_ERROR;
				GCC_WARN_UNDECLARED_SELECTOR = YES;
				GCC_WARN_UNINITIALIZED_AUTOS = YES_AGGRESSIVE;
				GCC_WARN_UNUSED_FUNCTION = YES;
				GCC_WARN_UNUSED_VARIABLE = YES;
				IPHONEOS_DEPLOYMENT_TARGET = 14.5;
				MTL_ENABLE_DEBUG_INFO = INCLUDE_SOURCE;
				MTL_FAST_MATH = YES;
				ONLY_ACTIVE_ARCH = YES;
				SDKROOT = iphoneos;
				SWIFT_ACTIVE_COMPILATION_CONDITIONS = DEBUG;
				SWIFT_OPTIMIZATION_LEVEL = "-Onone";
			};
			name = Debug;
		};
		26D9E19F27131A47002FB02D /* Release */ = {
			isa = XCBuildConfiguration;
			buildSettings = {
				ALWAYS_SEARCH_USER_PATHS = NO;
				CLANG_ANALYZER_NONNULL = YES;
				CLANG_ANALYZER_NUMBER_OBJECT_CONVERSION = YES_AGGRESSIVE;
				CLANG_CXX_LANGUAGE_STANDARD = "gnu++14";
				CLANG_CXX_LIBRARY = "libc++";
				CLANG_ENABLE_MODULES = YES;
				CLANG_ENABLE_OBJC_ARC = YES;
				CLANG_ENABLE_OBJC_WEAK = YES;
				CLANG_WARN_BLOCK_CAPTURE_AUTORELEASING = YES;
				CLANG_WARN_BOOL_CONVERSION = YES;
				CLANG_WARN_COMMA = YES;
				CLANG_WARN_CONSTANT_CONVERSION = YES;
				CLANG_WARN_DEPRECATED_OBJC_IMPLEMENTATIONS = YES;
				CLANG_WARN_DIRECT_OBJC_ISA_USAGE = YES_ERROR;
				CLANG_WARN_DOCUMENTATION_COMMENTS = YES;
				CLANG_WARN_EMPTY_BODY = YES;
				CLANG_WARN_ENUM_CONVERSION = YES;
				CLANG_WARN_INFINITE_RECURSION = YES;
				CLANG_WARN_INT_CONVERSION = YES;
				CLANG_WARN_NON_LITERAL_NULL_CONVERSION = YES;
				CLANG_WARN_OBJC_IMPLICIT_RETAIN_SELF = YES;
				CLANG_WARN_OBJC_LITERAL_CONVERSION = YES;
				CLANG_WARN_OBJC_ROOT_CLASS = YES_ERROR;
				CLANG_WARN_QUOTED_INCLUDE_IN_FRAMEWORK_HEADER = YES;
				CLANG_WARN_RANGE_LOOP_ANALYSIS = YES;
				CLANG_WARN_STRICT_PROTOTYPES = YES;
				CLANG_WARN_SUSPICIOUS_MOVE = YES;
				CLANG_WARN_UNGUARDED_AVAILABILITY = YES_AGGRESSIVE;
				CLANG_WARN_UNREACHABLE_CODE = YES;
				CLANG_WARN__DUPLICATE_METHOD_MATCH = YES;
				COPY_PHASE_STRIP = NO;
				DEBUG_INFORMATION_FORMAT = "dwarf-with-dsym";
				ENABLE_NS_ASSERTIONS = NO;
				ENABLE_STRICT_OBJC_MSGSEND = YES;
				GCC_C_LANGUAGE_STANDARD = gnu11;
				GCC_NO_COMMON_BLOCKS = YES;
				GCC_WARN_64_TO_32_BIT_CONVERSION = YES;
				GCC_WARN_ABOUT_RETURN_TYPE = YES_ERROR;
				GCC_WARN_UNDECLARED_SELECTOR = YES;
				GCC_WARN_UNINITIALIZED_AUTOS = YES_AGGRESSIVE;
				GCC_WARN_UNUSED_FUNCTION = YES;
				GCC_WARN_UNUSED_VARIABLE = YES;
				IPHONEOS_DEPLOYMENT_TARGET = 14.5;
				MTL_ENABLE_DEBUG_INFO = NO;
				MTL_FAST_MATH = YES;
				SDKROOT = iphoneos;
				SWIFT_COMPILATION_MODE = wholemodule;
				SWIFT_OPTIMIZATION_LEVEL = "-O";
				VALIDATE_PRODUCT = YES;
			};
			name = Release;
		};
		26D9E1A127131A47002FB02D /* Debug */ = {
			isa = XCBuildConfiguration;
			buildSettings = {
				ASSETCATALOG_COMPILER_APPICON_NAME = AppIcon;
				ASSETCATALOG_COMPILER_GLOBAL_ACCENT_COLOR_NAME = AccentColor;
				CODE_SIGN_STYLE = Automatic;
				DEVELOPMENT_ASSET_PATHS = "\"TryAutomation/Preview Content\"";
				ENABLE_PREVIEWS = YES;
				INFOPLIST_FILE = TryAutomation/Info.plist;
				IPHONEOS_DEPLOYMENT_TARGET = 14.0;
				LD_RUNPATH_SEARCH_PATHS = (
					"$(inherited)",
					"@executable_path/Frameworks",
				);
				PRODUCT_BUNDLE_IDENTIFIER = com.example.TryAutomation;
				PRODUCT_NAME = "$(TARGET_NAME)";
				SWIFT_VERSION = 5.0;
				TARGETED_DEVICE_FAMILY = "1,2";
			};
			name = Debug;
		};
		26D9E1A227131A47002FB02D /* Release */ = {
			isa = XCBuildConfiguration;
			buildSettings = {
				ASSETCATALOG_COMPILER_APPICON_NAME = AppIcon;
				ASSETCATALOG_COMPILER_GLOBAL_ACCENT_COLOR_NAME = AccentColor;
				CODE_SIGN_STYLE = Automatic;
				DEVELOPMENT_ASSET_PATHS = "\"TryAutomation/Preview Content\"";
				ENABLE_PREVIEWS = YES;
				INFOPLIST_FILE = TryAutomation/Info.plist;
				IPHONEOS_DEPLOYMENT_TARGET = 14.0;
				LD_RUNPATH_SEARCH_PATHS = (
					"$(inherited)",
					"@executable_path/Frameworks",
				);
				PRODUCT_BUNDLE_IDENTIFIER = com.example.TryAutomation;
				PRODUCT_NAME = "$(TARGET_NAME)";
				SWIFT_VERSION = 5.0;
				TARGETED_DEVICE_FAMILY = "1,2";
			};
			name = Release;
		};
		26D9E1A427131A47002FB02D /* Debug */ = {
			isa = XCBuildConfiguration;
			buildSettings = {
				ALWAYS_EMBED_SWIFT_STANDARD_LIBRARIES = YES;
				BUNDLE_LOADER = "$(TEST_HOST)";
				CODE_SIGN_STYLE = Automatic;
				INFOPLIST_FILE = TryAutomationTests/Info.plist;
				IPHONEOS_DEPLOYMENT_TARGET = 14.0;
				LD_RUNPATH_SEARCH_PATHS = (
					"$(inherited)",
					"@executable_path/Frameworks",
					"@loader_path/Frameworks",
				);
				PRODUCT_BUNDLE_IDENTIFIER = com.example.TryAutomationTests;
				PRODUCT_NAME = "$(TARGET_NAME)";
				SWIFT_VERSION = 5.0;
				TARGETED_DEVICE_FAMILY = "1,2";
				TEST_HOST = "$(BUILT_PRODUCTS_DIR)/TryAutomation.app/TryAutomation";
			};
			name = Debug;
		};
		26D9E1A527131A47002FB02D /* Release */ = {
			isa = XCBuildConfiguration;
			buildSettings = {
				ALWAYS_EMBED_SWIFT_STANDARD_LIBRARIES = YES;
				BUNDLE_LOADER = "$(TEST_HOST)";
				CODE_SIGN_STYLE = Automatic;
				INFOPLIST_FILE = TryAutomationTests/Info.plist;
				IPHONEOS_DEPLOYMENT_TARGET = 14.0;
				LD_RUNPATH_SEARCH_PATHS = (
					"$(inherited)",
					"@executable_path/Frameworks",
					"@loader_path/Frameworks",
				);
				PRODUCT_BUNDLE_IDENTIFIER = com.example.TryAutomationTests;
				PRODUCT_NAME = "$(TARGET_NAME)";
				SWIFT_VERSION = 5.0;
				TARGETED_DEVICE_FAMILY = "1,2";
				TEST_HOST = "$(BUILT_PRODUCTS_DIR)/TryAutomation.app/TryAutomation";
			};
			name = Release;
		};
		26D9E1A727131A47002FB02D /* Debug */ = {
			isa = XCBuildConfiguration;
			buildSettings = {
				ALWAYS_EMBED_SWIFT_STANDARD_LIBRARIES = YES;
				CODE_SIGN_STYLE = Automatic;
				INFOPLIST_FILE = TryAutomationUITests/Info.plist;
				LD_RUNPATH_SEARCH_PATHS = (
					"$(inherited)",
					"@executable_path/Frameworks",
					"@loader_path/Frameworks",
				);
				PRODUCT_BUNDLE_IDENTIFIER = com.example.TryAutomationUITests;
				PRODUCT_NAME = "$(TARGET_NAME)";
				SWIFT_VERSION = 5.0;
				TARGETED_DEVICE_FAMILY = "1,2";
				TEST_TARGET_NAME = TryAutomation;
			};
			name = Debug;
		};
		26D9E1A827131A47002FB02D /* Release */ = {
			isa = XCBuildConfiguration;
			buildSettings = {
				ALWAYS_EMBED_SWIFT_STANDARD_LIBRARIES = YES;
				CODE_SIGN_STYLE = Automatic;
				INFOPLIST_FILE = TryAutomationUITests/Info.plist;
				LD_RUNPATH_SEARCH_PATHS = (
					"$(inherited)",
					"@executable_path/Frameworks",
					"@loader_path/Frameworks",
				);
				PRODUCT_BUNDLE_IDENTIFIER = com.example.TryAutomationUITests;
				PRODUCT_NAME = "$(TARGET_NAME)";
				SWIFT_VERSION = 5.0;
				TARGETED_DEVICE_FAMILY = "1,2";
				TEST_TARGET_NAME = TryAutomation;
			};
			name = Release;
		};
/* End XCBuildConfiguration section */

/* Begin XCConfigurationList section */
		26D9E17627131A45002FB02D /* Build configuration list for PBXProject "TryAutomation" */ = {
			isa = XCConfigurationList;
			buildConfigurations = (
				26D9E19E27131A47002FB02D /* Debug */,
				26D9E19F27131A47002FB02D /* Release */,
			);
			defaultConfigurationIsVisible = 0;
			defaultConfigurationName = Release;
		};
		26D9E1A027131A47002FB02D /* Build configuration list for PBXNativeTarget "TryAutomation" */ = {
			isa = XCConfigurationList;
			buildConfigurations = (
				26D9E1A127131A47002FB02D /* Debug */,
				26D9E1A227131A47002FB02D /* Release */,
			);
			defaultConfigurationIsVisible = 0;
			defaultConfigurationName = Release;
		};
		26D9E1A327131A47002FB02D /* Build configuration list for PBXNativeTarget "TryAutomationTests" */ = {
			isa = XCConfigurationList;
			buildConfigurations = (
				26D9E1A427131A47002FB02D /* Debug */,
				26D9E1A527131A47002FB02D /* Release */,
			);
			defaultConfigurationIsVisible = 0;
			defaultConfigurationName = Release;
		};
		26D9E1A627131A47002FB02D /* Build configuration list for PBXNativeTarget "TryAutomationUITests" */ = {
			isa = XCConfigurationList;
			buildConfigurations = (
				26D9E1A727131A47002FB02D /* Debug */,
				26D9E1A827131A47002FB02D /* Release */,
			);
			defaultConfigurationIsVisible = 0;
			defaultConfigurationName = Release;
		};
/* End XCConfigurationList section */
	};
	rootObject = 26D9E17327131A45002FB02D /* Project object */;
}
